
Microsoft Visual Studio Solution File, Format Version 12.00
# Visual Studio Version 17
VisualStudioVersion = 17.13.35931.197
MinimumVisualStudioVersion = 10.0.40219.1
Project("{FAE04EC0-301F-11D3-BF4B-00C04F79EFBC}") = "Lingoist.Api", "Lingoist.Api\Lingoist.Api.csproj", "{0F6903D2-2802-4429-880C-EDD3EAE7B53B}"
EndProject
Project("{2150E333-8FDC-42A3-9474-1A3956D46DE8}") = "Backend", "Backend", "{F622C363-A5B5-4AA5-BB10-8515E95AE17E}"
EndProject
Project("{FAE04EC0-301F-11D3-BF4B-00C04F79EFBC}") = "Lingoist.Backend.Application", "Lingoist.Backend.Application\Lingoist.Backend.Application.csproj", "{FA8A6C42-F377-469F-A95E-C7E5D4DD9BAE}"
EndProject
Project("{FAE04EC0-301F-11D3-BF4B-00C04F79EFBC}") = "Lingoist.Backend.Domain", "Lingoist.Backend.Domain\Lingoist.Backend.Domain.csproj", "{508003F5-AC61-4336-9466-41C825105B79}"
EndProject
Project("{FAE04EC0-301F-11D3-BF4B-00C04F79EFBC}") = "Lingoist.Backend.Providers", "Lingoist.Backend.Providers\Lingoist.Backend.Providers.csproj", "{76EFB206-C261-45EF-A928-581CFD085F9E}"
EndProject
Project("{2150E333-8FDC-42A3-9474-1A3956D46DE8}") = "Mobile", "Mobile", "{02EA681E-C7D8-13C7-8484-4AC65E1B71E8}"
EndProject
Project("{FAE04EC0-301F-11D3-BF4B-00C04F79EFBC}") = "Lingoist.Mobile", "Lingoist.Mobile\Lingoist.Mobile.csproj", "{C7F8D142-CD73-4C40-89B0-9A8471E71988}"
EndProject
Project("{FAE04EC0-301F-11D3-BF4B-00C04F79EFBC}") = "Lingoist.ApiClient", "Lingoist.ApiClient\Lingoist.ApiClient.csproj", "{8711BEE0-308F-4478-BBFC-A8F32C1D2171}"
EndProject
Project("{FAE04EC0-301F-11D3-BF4B-00C04F79EFBC}") = "Lingoist.Mobile.Application", "Lingoist.Mobile.Application\Lingoist.Mobile.Application.csproj", "{0A537F1A-DED3-4FD1-8E0F-07E4614F89D8}"
EndProject
Global
	GlobalSection(SolutionConfigurationPlatforms) = preSolution
		Debug|Any CPU = Debug|Any CPU
		Release|Any CPU = Release|Any CPU
	EndGlobalSection
	GlobalSection(ProjectConfigurationPlatforms) = postSolution
		{0F6903D2-2802-4429-880C-EDD3EAE7B53B}.Debug|Any CPU.ActiveCfg = Debug|Any CPU
		{0F6903D2-2802-4429-880C-EDD3EAE7B53B}.Debug|Any CPU.Build.0 = Debug|Any CPU
		{0F6903D2-2802-4429-880C-EDD3EAE7B53B}.Release|Any CPU.ActiveCfg = Release|Any CPU
		{0F6903D2-2802-4429-880C-EDD3EAE7B53B}.Release|Any CPU.Build.0 = Release|Any CPU
		{FA8A6C42-F377-469F-A95E-C7E5D4DD9BAE}.Debug|Any CPU.ActiveCfg = Debug|Any CPU
		{FA8A6C42-F377-469F-A95E-C7E5D4DD9BAE}.Debug|Any CPU.Build.0 = Debug|Any CPU
		{FA8A6C42-F377-469F-A95E-C7E5D4DD9BAE}.Release|Any CPU.ActiveCfg = Release|Any CPU
		{FA8A6C42-F377-469F-A95E-C7E5D4DD9BAE}.Release|Any CPU.Build.0 = Release|Any CPU
		{508003F5-AC61-4336-9466-41C825105B79}.Debug|Any CPU.ActiveCfg = Debug|Any CPU
		{508003F5-AC61-4336-9466-41C825105B79}.Debug|Any CPU.Build.0 = Debug|Any CPU
		{508003F5-AC61-4336-9466-41C825105B79}.Release|Any CPU.ActiveCfg = Release|Any CPU
		{508003F5-AC61-4336-9466-41C825105B79}.Release|Any CPU.Build.0 = Release|Any CPU
		{76EFB206-C261-45EF-A928-581CFD085F9E}.Debug|Any CPU.ActiveCfg = Debug|Any CPU
		{76EFB206-C261-45EF-A928-581CFD085F9E}.Debug|Any CPU.Build.0 = Debug|Any CPU
		{76EFB206-C261-45EF-A928-581CFD085F9E}.Release|Any CPU.ActiveCfg = Release|Any CPU
		{76EFB206-C261-45EF-A928-581CFD085F9E}.Release|Any CPU.Build.0 = Release|Any CPU
		{C7F8D142-CD73-4C40-89B0-9A8471E71988}.Debug|Any CPU.ActiveCfg = Debug|Any CPU
		{C7F8D142-CD73-4C40-89B0-9A8471E71988}.Debug|Any CPU.Build.0 = Debug|Any CPU
		{C7F8D142-CD73-4C40-89B0-9A8471E71988}.Debug|Any CPU.Deploy.0 = Debug|Any CPU
		{C7F8D142-CD73-4C40-89B0-9A8471E71988}.Release|Any CPU.ActiveCfg = Release|Any CPU
		{C7F8D142-CD73-4C40-89B0-9A8471E71988}.Release|Any CPU.Build.0 = Release|Any CPU
		{8711BEE0-308F-4478-BBFC-A8F32C1D2171}.Debug|Any CPU.ActiveCfg = Debug|Any CPU
		{8711BEE0-308F-4478-BBFC-A8F32C1D2171}.Debug|Any CPU.Build.0 = Debug|Any CPU
		{8711BEE0-308F-4478-BBFC-A8F32C1D2171}.Release|Any CPU.ActiveCfg = Release|Any CPU
		{8711BEE0-308F-4478-BBFC-A8F32C1D2171}.Release|Any CPU.Build.0 = Release|Any CPU
		{0A537F1A-DED3-4FD1-8E0F-07E4614F89D8}.Debug|Any CPU.ActiveCfg = Debug|Any CPU
		{0A537F1A-DED3-4FD1-8E0F-07E4614F89D8}.Debug|Any CPU.Build.0 = Debug|Any CPU
		{0A537F1A-DED3-4FD1-8E0F-07E4614F89D8}.Release|Any CPU.ActiveCfg = Release|Any CPU
		{0A537F1A-DED3-4FD1-8E0F-07E4614F89D8}.Release|Any CPU.Build.0 = Release|Any CPU
	EndGlobalSection
	GlobalSection(SolutionProperties) = preSolution
		HideSolutionNode = FALSE
	EndGlobalSection
	GlobalSection(NestedProjects) = preSolution
		{FA8A6C42-F377-469F-A95E-C7E5D4DD9BAE} = {F622C363-A5B5-4AA5-BB10-8515E95AE17E}
		{508003F5-AC61-4336-9466-41C825105B79} = {F622C363-A5B5-4AA5-BB10-8515E95AE17E}
		{76EFB206-C261-45EF-A928-581CFD085F9E} = {F622C363-A5B5-4AA5-BB10-8515E95AE17E}
		{C7F8D142-CD73-4C40-89B0-9A8471E71988} = {02EA681E-C7D8-13C7-8484-4AC65E1B71E8}
		{0A537F1A-DED3-4FD1-8E0F-07E4614F89D8} = {02EA681E-C7D8-13C7-8484-4AC65E1B71E8}
	EndGlobalSection
	GlobalSection(ExtensibilityGlobals) = postSolution
		SolutionGuid = {DAAE55A2-B51C-4143-8D05-8D3672C2335C}
	EndGlobalSection
EndGlobal
